
Microsoft Visual Studio Solution File, Format Version 12.00
# Visual Studio Version 16
VisualStudioVersion = 16.0.31605.320
MinimumVisualStudioVersion = 10.0.40219.1
Project("{FAE04EC0-301F-11D3-BF4B-00C04F79EFBC}") = "TareaXamarin1.Android", "TareaXamarin1\TareaXamarin1.Android\TareaXamarin1.Android.csproj", "{5F6D0235-6F52-48C4-8A06-157E0FF2D751}"
EndProject
Project("{FAE04EC0-301F-11D3-BF4B-00C04F79EFBC}") = "TareaXamarin1.iOS", "TareaXamarin1\TareaXamarin1.iOS\TareaXamarin1.iOS.csproj", "{E00958F8-7873-41FC-986A-DFCA3B34F0AF}"
EndProject
Project("{FAE04EC0-301F-11D3-BF4B-00C04F79EFBC}") = "TareaXamarin1", "TareaXamarin1\TareaXamarin1\TareaXamarin1.csproj", "{61BB3A0A-B7C4-4ACD-A392-8477A6284549}"
EndProject
Global
	GlobalSection(SolutionConfigurationPlatforms) = preSolution
		Debug|Any CPU = Debug|Any CPU
		Debug|iPhone = Debug|iPhone
		Debug|iPhoneSimulator = Debug|iPhoneSimulator
		Release|Any CPU = Release|Any CPU
		Release|iPhone = Release|iPhone
		Release|iPhoneSimulator = Release|iPhoneSimulator
	EndGlobalSection
	GlobalSection(ProjectConfigurationPlatforms) = postSolution
		{5F6D0235-6F52-48C4-8A06-157E0FF2D751}.Debug|Any CPU.ActiveCfg = Debug|Any CPU
		{5F6D0235-6F52-48C4-8A06-157E0FF2D751}.Debug|Any CPU.Build.0 = Debug|Any CPU
		{5F6D0235-6F52-48C4-8A06-157E0FF2D751}.Debug|Any CPU.Deploy.0 = Debug|Any CPU
		{5F6D0235-6F52-48C4-8A06-157E0FF2D751}.Debug|iPhone.ActiveCfg = Debug|Any CPU
		{5F6D0235-6F52-48C4-8A06-157E0FF2D751}.Debug|iPhone.Build.0 = Debug|Any CPU
		{5F6D0235-6F52-48C4-8A06-157E0FF2D751}.Debug|iPhone.Deploy.0 = Debug|Any CPU
		{5F6D0235-6F52-48C4-8A06-157E0FF2D751}.Debug|iPhoneSimulator.ActiveCfg = Debug|Any CPU
		{5F6D0235-6F52-48C4-8A06-157E0FF2D751}.Debug|iPhoneSimulator.Build.0 = Debug|Any CPU
		{5F6D0235-6F52-48C4-8A06-157E0FF2D751}.Debug|iPhoneSimulator.Deploy.0 = Debug|Any CPU
		{5F6D0235-6F52-48C4-8A06-157E0FF2D751}.Release|Any CPU.ActiveCfg = Release|Any CPU
		{5F6D0235-6F52-48C4-8A06-157E0FF2D751}.Release|Any CPU.Build.0 = Release|Any CPU
		{5F6D0235-6F52-48C4-8A06-157E0FF2D751}.Release|Any CPU.Deploy.0 = Release|Any CPU
		{5F6D0235-6F52-48C4-8A06-157E0FF2D751}.Release|iPhone.ActiveCfg = Release|Any CPU
		{5F6D0235-6F52-48C4-8A06-157E0FF2D751}.Release|iPhone.Build.0 = Release|Any CPU
		{5F6D0235-6F52-48C4-8A06-157E0FF2D751}.Release|iPhone.Deploy.0 = Release|Any CPU
		{5F6D0235-6F52-48C4-8A06-157E0FF2D751}.Release|iPhoneSimulator.ActiveCfg = Release|Any CPU
		{5F6D0235-6F52-48C4-8A06-157E0FF2D751}.Release|iPhoneSimulator.Build.0 = Release|Any CPU
		{5F6D0235-6F52-48C4-8A06-157E0FF2D751}.Release|iPhoneSimulator.Deploy.0 = Release|Any CPU
		{E00958F8-7873-41FC-986A-DFCA3B34F0AF}.Debug|Any CPU.ActiveCfg = Debug|iPhone
		{E00958F8-7873-41FC-986A-DFCA3B34F0AF}.Debug|Any CPU.Build.0 = Debug|iPhone
		{E00958F8-7873-41FC-986A-DFCA3B34F0AF}.Debug|Any CPU.Deploy.0 = Debug|iPhone
		{E00958F8-7873-41FC-986A-DFCA3B34F0AF}.Debug|iPhone.ActiveCfg = Debug|iPhone
		{E00958F8-7873-41FC-986A-DFCA3B34F0AF}.Debug|iPhone.Build.0 = Debug|iPhone
		{E00958F8-7873-41FC-986A-DFCA3B34F0AF}.Debug|iPhone.Deploy.0 = Debug|iPhone
		{E00958F8-7873-41FC-986A-DFCA3B34F0AF}.Debug|iPhoneSimulator.ActiveCfg = Debug|iPhoneSimulator
		{E00958F8-7873-41FC-986A-DFCA3B34F0AF}.Debug|iPhoneSimulator.Build.0 = Debug|iPhoneSimulator
		{E00958F8-7873-41FC-986A-DFCA3B34F0AF}.Debug|iPhoneSimulator.Deploy.0 = Debug|iPhoneSimulator
		{E00958F8-7873-41FC-986A-DFCA3B34F0AF}.Release|Any CPU.ActiveCfg = Release|iPhoneSimulator
		{E00958F8-7873-41FC-986A-DFCA3B34F0AF}.Release|Any CPU.Build.0 = Release|iPhoneSimulator
		{E00958F8-7873-41FC-986A-DFCA3B34F0AF}.Release|Any CPU.Deploy.0 = Release|iPhoneSimulator
		{E00958F8-7873-41FC-986A-DFCA3B34F0AF}.Release|iPhone.ActiveCfg = Release|iPhone
		{E00958F8-7873-41FC-986A-DFCA3B34F0AF}.Release|iPhone.Build.0 = Release|iPhone
		{E00958F8-7873-41FC-986A-DFCA3B34F0AF}.Release|iPhone.Deploy.0 = Release|iPhone
		{E00958F8-7873-41FC-986A-DFCA3B34F0AF}.Release|iPhoneSimulator.ActiveCfg = Release|iPhoneSimulator
		{E00958F8-7873-41FC-986A-DFCA3B34F0AF}.Release|iPhoneSimulator.Build.0 = Release|iPhoneSimulator
		{E00958F8-7873-41FC-986A-DFCA3B34F0AF}.Release|iPhoneSimulator.Deploy.0 = Release|iPhoneSimulator
		{61BB3A0A-B7C4-4ACD-A392-8477A6284549}.Debug|Any CPU.ActiveCfg = Debug|Any CPU
		{61BB3A0A-B7C4-4ACD-A392-8477A6284549}.Debug|Any CPU.Build.0 = Debug|Any CPU
		{61BB3A0A-B7C4-4ACD-A392-8477A6284549}.Debug|Any CPU.Deploy.0 = Debug|Any CPU
		{61BB3A0A-B7C4-4ACD-A392-8477A6284549}.Debug|iPhone.ActiveCfg = Debug|Any CPU
		{61BB3A0A-B7C4-4ACD-A392-8477A6284549}.Debug|iPhone.Build.0 = Debug|Any CPU
		{61BB3A0A-B7C4-4ACD-A392-8477A6284549}.Debug|iPhone.Deploy.0 = Debug|Any CPU
		{61BB3A0A-B7C4-4ACD-A392-8477A6284549}.Debug|iPhoneSimulator.ActiveCfg = Debug|Any CPU
		{61BB3A0A-B7C4-4ACD-A392-8477A6284549}.Debug|iPhoneSimulator.Build.0 = Debug|Any CPU
		{61BB3A0A-B7C4-4ACD-A392-8477A6284549}.Debug|iPhoneSimulator.Deploy.0 = Debug|Any CPU
		{61BB3A0A-B7C4-4ACD-A392-8477A6284549}.Release|Any CPU.ActiveCfg = Release|Any CPU
		{61BB3A0A-B7C4-4ACD-A392-8477A6284549}.Release|Any CPU.Build.0 = Release|Any CPU
		{61BB3A0A-B7C4-4ACD-A392-8477A6284549}.Release|Any CPU.Deploy.0 = Release|Any CPU
		{61BB3A0A-B7C4-4ACD-A392-8477A6284549}.Release|iPhone.ActiveCfg = Release|Any CPU
		{61BB3A0A-B7C4-4ACD-A392-8477A6284549}.Release|iPhone.Build.0 = Release|Any CPU
		{61BB3A0A-B7C4-4ACD-A392-8477A6284549}.Release|iPhone.Deploy.0 = Release|Any CPU
		{61BB3A0A-B7C4-4ACD-A392-8477A6284549}.Release|iPhoneSimulator.ActiveCfg = Release|Any CPU
		{61BB3A0A-B7C4-4ACD-A392-8477A6284549}.Release|iPhoneSimulator.Build.0 = Release|Any CPU
		{61BB3A0A-B7C4-4ACD-A392-8477A6284549}.Release|iPhoneSimulator.Deploy.0 = Release|Any CPU
	EndGlobalSection
	GlobalSection(SolutionProperties) = preSolution
		HideSolutionNode = FALSE
	EndGlobalSection
	GlobalSection(ExtensibilityGlobals) = postSolution
		SolutionGuid = {292C7C55-5E92-40D5-AE03-CFF839CC1D3E}
	EndGlobalSection
EndGlobal
